
Microsoft Visual Studio Solution File, Format Version 12.00
# Visual Studio Version 17
VisualStudioVersion = 17.14.36915.13 d17.14
MinimumVisualStudioVersion = 10.0.40219.1
Project("{FAE04EC0-301F-11D3-BF4B-00C04F79EFBC}") = "task_demo", "task_demo.csproj", "{636CEF45-3D3A-4033-AE13-DCC525FE1AB2}"
EndProject
Global
	GlobalSection(SolutionConfigurationPlatforms) = preSolution
		Debug|Any CPU = Debug|Any CPU
		Release|Any CPU = Release|Any CPU
	EndGlobalSection
	GlobalSection(ProjectConfigurationPlatforms) = postSolution
		{636CEF45-3D3A-4033-AE13-DCC525FE1AB2}.Debug|Any CPU.ActiveCfg = Debug|Any CPU
		{636CEF45-3D3A-4033-AE13-DCC525FE1AB2}.Debug|Any CPU.Build.0 = Debug|Any CPU
		{636CEF45-3D3A-4033-AE13-DCC525FE1AB2}.Release|Any CPU.ActiveCfg = Release|Any CPU
		{636CEF45-3D3A-4033-AE13-DCC525FE1AB2}.Release|Any CPU.Build.0 = Release|Any CPU
	EndGlobalSection
	GlobalSection(SolutionProperties) = preSolution
		HideSolutionNode = FALSE
	EndGlobalSection
	GlobalSection(ExtensibilityGlobals) = postSolution
		SolutionGuid = {1A705DBE-1BF6-4236-982B-5C1E0A0C7A78}
	EndGlobalSection
EndGlobal
